
Microsoft Visual Studio Solution File, Format Version 12.00
# Visual Studio Version 17
VisualStudioVersion = 17.0.31903.59
MinimumVisualStudioVersion = 10.0.40219.1
Project("{2150E333-8FDC-42A3-9474-1A3956D46DE8}") = "src", "src", "{827E0CD3-B72D-47B6-A68D-7590B98EB39B}"
EndProject
Project("{2150E333-8FDC-42A3-9474-1A3956D46DE8}") = "Api", "Api", "{81034408-37C8-1011-444E-4C15C2FADA8E}"
EndProject
Project("{FAE04EC0-301F-11D3-BF4B-00C04F79EFBC}") = "DUAStreamliner.Api", "src\Api\DUAStreamliner.Api.csproj", "{FC0201E6-10F8-412D-8CB2-8FB807AEF6ED}"
EndProject
Project("{FAE04EC0-301F-11D3-BF4B-00C04F79EFBC}") = "DUAStreamliner.Application", "src\Application\DUAStreamliner.Application.csproj", "{7219DA64-D455-4F94-A2F7-1744681DE1A1}"
EndProject
Project("{FAE04EC0-301F-11D3-BF4B-00C04F79EFBC}") = "DUAStreamliner.Domain", "src\Domain\DUAStreamliner.Domain.csproj", "{4CE84ED7-3994-449F-A858-B0E81B9D2596}"
EndProject
Project("{FAE04EC0-301F-11D3-BF4B-00C04F79EFBC}") = "DUAStreamliner.Infrastructure", "src\Infrastructure\DUAStreamliner.Infrastructure.csproj", "{12BEDFA7-0B3D-48C0-A51A-82588C6F51A6}"
EndProject
Project("{FAE04EC0-301F-11D3-BF4B-00C04F79EFBC}") = "DUAStreamliner.Shared", "src\Shared\DUAStreamliner.Shared.csproj", "{E96E9F7F-0BA6-405D-9911-DA17835A9FC0}"
EndProject
Project("{FAE04EC0-301F-11D3-BF4B-00C04F79EFBC}") = "DUAStreamliner.UnitTests", "tests\UnitTests\DUAStreamliner.UnitTests.csproj", "{4219ACCB-2A02-4AA1-B769-2F66AFBBC5CC}"
EndProject
Project("{FAE04EC0-301F-11D3-BF4B-00C04F79EFBC}") = "DUAStreamliner.IntegrationTests", "tests\IntegrationTests\DUAStreamliner.IntegrationTests.csproj", "{FF128C2A-B23B-42AA-8681-D9DF590DB30E}"
EndProject
Global
	GlobalSection(SolutionConfigurationPlatforms) = preSolution
		Debug|Any CPU = Debug|Any CPU
		Debug|x64 = Debug|x64
		Debug|x86 = Debug|x86
		Release|Any CPU = Release|Any CPU
		Release|x64 = Release|x64
		Release|x86 = Release|x86
	EndGlobalSection
	GlobalSection(ProjectConfigurationPlatforms) = postSolution
		{FC0201E6-10F8-412D-8CB2-8FB807AEF6ED}.Debug|Any CPU.ActiveCfg = Debug|Any CPU
		{FC0201E6-10F8-412D-8CB2-8FB807AEF6ED}.Debug|Any CPU.Build.0 = Debug|Any CPU
		{FC0201E6-10F8-412D-8CB2-8FB807AEF6ED}.Debug|x64.ActiveCfg = Debug|Any CPU
		{FC0201E6-10F8-412D-8CB2-8FB807AEF6ED}.Debug|x64.Build.0 = Debug|Any CPU
		{FC0201E6-10F8-412D-8CB2-8FB807AEF6ED}.Debug|x86.ActiveCfg = Debug|Any CPU
		{FC0201E6-10F8-412D-8CB2-8FB807AEF6ED}.Debug|x86.Build.0 = Debug|Any CPU
		{FC0201E6-10F8-412D-8CB2-8FB807AEF6ED}.Release|Any CPU.ActiveCfg = Release|Any CPU
		{FC0201E6-10F8-412D-8CB2-8FB807AEF6ED}.Release|Any CPU.Build.0 = Release|Any CPU
		{FC0201E6-10F8-412D-8CB2-8FB807AEF6ED}.Release|x64.ActiveCfg = Release|Any CPU
		{FC0201E6-10F8-412D-8CB2-8FB807AEF6ED}.Release|x64.Build.0 = Release|Any CPU
		{FC0201E6-10F8-412D-8CB2-8FB807AEF6ED}.Release|x86.ActiveCfg = Release|Any CPU
		{FC0201E6-10F8-412D-8CB2-8FB807AEF6ED}.Release|x86.Build.0 = Release|Any CPU
		{7219DA64-D455-4F94-A2F7-1744681DE1A1}.Debug|Any CPU.ActiveCfg = Debug|Any CPU
		{7219DA64-D455-4F94-A2F7-1744681DE1A1}.Debug|Any CPU.Build.0 = Debug|Any CPU
		{7219DA64-D455-4F94-A2F7-1744681DE1A1}.Debug|x64.ActiveCfg = Debug|Any CPU
		{7219DA64-D455-4F94-A2F7-1744681DE1A1}.Debug|x64.Build.0 = Debug|Any CPU
		{7219DA64-D455-4F94-A2F7-1744681DE1A1}.Debug|x86.ActiveCfg = Debug|Any CPU
		{7219DA64-D455-4F94-A2F7-1744681DE1A1}.Debug|x86.Build.0 = Debug|Any CPU
		{7219DA64-D455-4F94-A2F7-1744681DE1A1}.Release|Any CPU.ActiveCfg = Release|Any CPU
		{7219DA64-D455-4F94-A2F7-1744681DE1A1}.Release|Any CPU.Build.0 = Release|Any CPU
		{7219DA64-D455-4F94-A2F7-1744681DE1A1}.Release|x64.ActiveCfg = Release|Any CPU
		{7219DA64-D455-4F94-A2F7-1744681DE1A1}.Release|x64.Build.0 = Release|Any CPU
		{7219DA64-D455-4F94-A2F7-1744681DE1A1}.Release|x86.ActiveCfg = Release|Any CPU
		{7219DA64-D455-4F94-A2F7-1744681DE1A1}.Release|x86.Build.0 = Release|Any CPU
		{4CE84ED7-3994-449F-A858-B0E81B9D2596}.Debug|Any CPU.ActiveCfg = Debug|Any CPU
		{4CE84ED7-3994-449F-A858-B0E81B9D2596}.Debug|Any CPU.Build.0 = Debug|Any CPU
		{4CE84ED7-3994-449F-A858-B0E81B9D2596}.Debug|x64.ActiveCfg = Debug|Any CPU
		{4CE84ED7-3994-449F-A858-B0E81B9D2596}.Debug|x64.Build.0 = Debug|Any CPU
		{4CE84ED7-3994-449F-A858-B0E81B9D2596}.Debug|x86.ActiveCfg = Debug|Any CPU
		{4CE84ED7-3994-449F-A858-B0E81B9D2596}.Debug|x86.Build.0 = Debug|Any CPU
		{4CE84ED7-3994-449F-A858-B0E81B9D2596}.Release|Any CPU.ActiveCfg = Release|Any CPU
		{4CE84ED7-3994-449F-A858-B0E81B9D2596}.Release|Any CPU.Build.0 = Release|Any CPU
		{4CE84ED7-3994-449F-A858-B0E81B9D2596}.Release|x64.ActiveCfg = Release|Any CPU
		{4CE84ED7-3994-449F-A858-B0E81B9D2596}.Release|x64.Build.0 = Release|Any CPU
		{4CE84ED7-3994-449F-A858-B0E81B9D2596}.Release|x86.ActiveCfg = Release|Any CPU
		{4CE84ED7-3994-449F-A858-B0E81B9D2596}.Release|x86.Build.0 = Release|Any CPU
		{12BEDFA7-0B3D-48C0-A51A-82588C6F51A6}.Debug|Any CPU.ActiveCfg = Debug|Any CPU
		{12BEDFA7-0B3D-48C0-A51A-82588C6F51A6}.Debug|Any CPU.Build.0 = Debug|Any CPU
		{12BEDFA7-0B3D-48C0-A51A-82588C6F51A6}.Debug|x64.ActiveCfg = Debug|Any CPU
		{12BEDFA7-0B3D-48C0-A51A-82588C6F51A6}.Debug|x64.Build.0 = Debug|Any CPU
		{12BEDFA7-0B3D-48C0-A51A-82588C6F51A6}.Debug|x86.ActiveCfg = Debug|Any CPU
		{12BEDFA7-0B3D-48C0-A51A-82588C6F51A6}.Debug|x86.Build.0 = Debug|Any CPU
		{12BEDFA7-0B3D-48C0-A51A-82588C6F51A6}.Release|Any CPU.ActiveCfg = Release|Any CPU
		{12BEDFA7-0B3D-48C0-A51A-82588C6F51A6}.Release|Any CPU.Build.0 = Release|Any CPU
		{12BEDFA7-0B3D-48C0-A51A-82588C6F51A6}.Release|x64.ActiveCfg = Release|Any CPU
		{12BEDFA7-0B3D-48C0-A51A-82588C6F51A6}.Release|x64.Build.0 = Release|Any CPU
		{12BEDFA7-0B3D-48C0-A51A-82588C6F51A6}.Release|x86.ActiveCfg = Release|Any CPU
		{12BEDFA7-0B3D-48C0-A51A-82588C6F51A6}.Release|x86.Build.0 = Release|Any CPU
		{E96E9F7F-0BA6-405D-9911-DA17835A9FC0}.Debug|Any CPU.ActiveCfg = Debug|Any CPU
		{E96E9F7F-0BA6-405D-9911-DA17835A9FC0}.Debug|Any CPU.Build.0 = Debug|Any CPU
		{E96E9F7F-0BA6-405D-9911-DA17835A9FC0}.Debug|x64.ActiveCfg = Debug|Any CPU
		{E96E9F7F-0BA6-405D-9911-DA17835A9FC0}.Debug|x64.Build.0 = Debug|Any CPU
		{E96E9F7F-0BA6-405D-9911-DA17835A9FC0}.Debug|x86.ActiveCfg = Debug|Any CPU
		{E96E9F7F-0BA6-405D-9911-DA17835A9FC0}.Debug|x86.Build.0 = Debug|Any CPU
		{E96E9F7F-0BA6-405D-9911-DA17835A9FC0}.Release|Any CPU.ActiveCfg = Release|Any CPU
		{E96E9F7F-0BA6-405D-9911-DA17835A9FC0}.Release|Any CPU.Build.0 = Release|Any CPU
		{E96E9F7F-0BA6-405D-9911-DA17835A9FC0}.Release|x64.ActiveCfg = Release|Any CPU
		{E96E9F7F-0BA6-405D-9911-DA17835A9FC0}.Release|x64.Build.0 = Release|Any CPU
		{E96E9F7F-0BA6-405D-9911-DA17835A9FC0}.Release|x86.ActiveCfg = Release|Any CPU
		{E96E9F7F-0BA6-405D-9911-DA17835A9FC0}.Release|x86.Build.0 = Release|Any CPU
		{4219ACCB-2A02-4AA1-B769-2F66AFBBC5CC}.Debug|Any CPU.ActiveCfg = Debug|Any CPU
		{4219ACCB-2A02-4AA1-B769-2F66AFBBC5CC}.Debug|Any CPU.Build.0 = Debug|Any CPU
		{4219ACCB-2A02-4AA1-B769-2F66AFBBC5CC}.Debug|x64.ActiveCfg = Debug|Any CPU
		{4219ACCB-2A02-4AA1-B769-2F66AFBBC5CC}.Debug|x64.Build.0 = Debug|Any CPU
		{4219ACCB-2A02-4AA1-B769-2F66AFBBC5CC}.Debug|x86.ActiveCfg = Debug|Any CPU
		{4219ACCB-2A02-4AA1-B769-2F66AFBBC5CC}.Debug|x86.Build.0 = Debug|Any CPU
		{4219ACCB-2A02-4AA1-B769-2F66AFBBC5CC}.Release|Any CPU.ActiveCfg = Release|Any CPU
		{4219ACCB-2A02-4AA1-B769-2F66AFBBC5CC}.Release|Any CPU.Build.0 = Release|Any CPU
		{4219ACCB-2A02-4AA1-B769-2F66AFBBC5CC}.Release|x64.ActiveCfg = Release|Any CPU
		{4219ACCB-2A02-4AA1-B769-2F66AFBBC5CC}.Release|x64.Build.0 = Release|Any CPU
		{4219ACCB-2A02-4AA1-B769-2F66AFBBC5CC}.Release|x86.ActiveCfg = Release|Any CPU
		{4219ACCB-2A02-4AA1-B769-2F66AFBBC5CC}.Release|x86.Build.0 = Release|Any CPU
		{FF128C2A-B23B-42AA-8681-D9DF590DB30E}.Debug|Any CPU.ActiveCfg = Debug|Any CPU
		{FF128C2A-B23B-42AA-8681-D9DF590DB30E}.Debug|Any CPU.Build.0 = Debug|Any CPU
		{FF128C2A-B23B-42AA-8681-D9DF590DB30E}.Debug|x64.ActiveCfg = Debug|Any CPU
		{FF128C2A-B23B-42AA-8681-D9DF590DB30E}.Debug|x64.Build.0 = Debug|Any CPU
		{FF128C2A-B23B-42AA-8681-D9DF590DB30E}.Debug|x86.ActiveCfg = Debug|Any CPU
		{FF128C2A-B23B-42AA-8681-D9DF590DB30E}.Debug|x86.Build.0 = Debug|Any CPU
		{FF128C2A-B23B-42AA-8681-D9DF590DB30E}.Release|Any CPU.ActiveCfg = Release|Any CPU
		{FF128C2A-B23B-42AA-8681-D9DF590DB30E}.Release|Any CPU.Build.0 = Release|Any CPU
		{FF128C2A-B23B-42AA-8681-D9DF590DB30E}.Release|x64.ActiveCfg = Release|Any CPU
		{FF128C2A-B23B-42AA-8681-D9DF590DB30E}.Release|x64.Build.0 = Release|Any CPU
		{FF128C2A-B23B-42AA-8681-D9DF590DB30E}.Release|x86.ActiveCfg = Release|Any CPU
		{FF128C2A-B23B-42AA-8681-D9DF590DB30E}.Release|x86.Build.0 = Release|Any CPU
	EndGlobalSection
	GlobalSection(SolutionProperties) = preSolution
		HideSolutionNode = FALSE
	EndGlobalSection
	GlobalSection(NestedProjects) = preSolution
		{81034408-37C8-1011-444E-4C15C2FADA8E} = {827E0CD3-B72D-47B6-A68D-7590B98EB39B}
		{FC0201E6-10F8-412D-8CB2-8FB807AEF6ED} = {81034408-37C8-1011-444E-4C15C2FADA8E}
		{7219DA64-D455-4F94-A2F7-1744681DE1A1} = {81034408-37C8-1011-444E-4C15C2FADA8E}
		{4CE84ED7-3994-449F-A858-B0E81B9D2596} = {81034408-37C8-1011-444E-4C15C2FADA8E}
		{12BEDFA7-0B3D-48C0-A51A-82588C6F51A6} = {81034408-37C8-1011-444E-4C15C2FADA8E}
		{E96E9F7F-0BA6-405D-9911-DA17835A9FC0} = {81034408-37C8-1011-444E-4C15C2FADA8E}
		{4219ACCB-2A02-4AA1-B769-2F66AFBBC5CC} = {81034408-37C8-1011-444E-4C15C2FADA8E}
		{FF128C2A-B23B-42AA-8681-D9DF590DB30E} = {81034408-37C8-1011-444E-4C15C2FADA8E}
	EndGlobalSection
EndGlobal
